
Microsoft Visual Studio Solution File, Format Version 12.00
# Visual Studio Version 17
VisualStudioVersion = 17.3.32901.215
MinimumVisualStudioVersion = 10.0.40219.1
Project("{9A19103F-16F7-4668-BE54-9A1E7A4F7556}") = "FunctionApp3", "FunctionApp3\FunctionApp3.csproj", "{7FAC0F6A-510B-4FA1-B932-F3CD2C560D61}"
EndProject
Project("{FAE04EC0-301F-11D3-BF4B-00C04F79EFBC}") = "ClassLibrary1", "ClassLibrary1\ClassLibrary1.csproj", "{299E67BA-2347-4C41-9489-69B4B9B3A97D}"
EndProject
Global
	GlobalSection(SolutionConfigurationPlatforms) = preSolution
		Debug|Any CPU = Debug|Any CPU
		Release|Any CPU = Release|Any CPU
	EndGlobalSection
	GlobalSection(ProjectConfigurationPlatforms) = postSolution
		{7FAC0F6A-510B-4FA1-B932-F3CD2C560D61}.Debug|Any CPU.ActiveCfg = Debug|Any CPU
		{7FAC0F6A-510B-4FA1-B932-F3CD2C560D61}.Debug|Any CPU.Build.0 = Debug|Any CPU
		{7FAC0F6A-510B-4FA1-B932-F3CD2C560D61}.Release|Any CPU.ActiveCfg = Release|Any CPU
		{7FAC0F6A-510B-4FA1-B932-F3CD2C560D61}.Release|Any CPU.Build.0 = Release|Any CPU
		{299E67BA-2347-4C41-9489-69B4B9B3A97D}.Debug|Any CPU.ActiveCfg = Debug|Any CPU
		{299E67BA-2347-4C41-9489-69B4B9B3A97D}.Debug|Any CPU.Build.0 = Debug|Any CPU
		{299E67BA-2347-4C41-9489-69B4B9B3A97D}.Release|Any CPU.ActiveCfg = Release|Any CPU
		{299E67BA-2347-4C41-9489-69B4B9B3A97D}.Release|Any CPU.Build.0 = Release|Any CPU
	EndGlobalSection
	GlobalSection(SolutionProperties) = preSolution
		HideSolutionNode = FALSE
	EndGlobalSection
	GlobalSection(ExtensibilityGlobals) = postSolution
		SolutionGuid = {BC77940C-421A-4339-B5E7-89D3EB3C98B8}
	EndGlobalSection
EndGlobal
